// !$*UTF8*$!
{
	archiveVersion = 1;
	classes = {
	};
	objectVersion = 56;
	objects = {

/* Begin PBXBuildFile section */
		BC7C674529CC12C6005BD199 /* GithubExcerciseApp.swift in Sources */ = {isa = PBXBuildFile; fileRef = BC7C674429CC12C6005BD199 /* GithubExcerciseApp.swift */; };
		BC7C674729CC12C6005BD199 /* ContentView.swift in Sources */ = {isa = PBXBuildFile; fileRef = BC7C674629CC12C6005BD199 /* ContentView.swift */; };
		BC7C674929CC12C7005BD199 /* Assets.xcassets in Resources */ = {isa = PBXBuildFile; fileRef = BC7C674829CC12C7005BD199 /* Assets.xcassets */; };
		BC7C674C29CC12C7005BD199 /* Preview Assets.xcassets in Resources */ = {isa = PBXBuildFile; fileRef = BC7C674B29CC12C7005BD199 /* Preview Assets.xcassets */; };
		BC7C675629CC12C8005BD199 /* GithubExcerciseTests.swift in Sources */ = {isa = PBXBuildFile; fileRef = BC7C675529CC12C8005BD199 /* GithubExcerciseTests.swift */; };
		BC7C676029CC12C8005BD199 /* GithubExcerciseUITests.swift in Sources */ = {isa = PBXBuildFile; fileRef = BC7C675F29CC12C8005BD199 /* GithubExcerciseUITests.swift */; };
		BC7C676229CC12C8005BD199 /* GithubExcerciseUITestsLaunchTests.swift in Sources */ = {isa = PBXBuildFile; fileRef = BC7C676129CC12C8005BD199 /* GithubExcerciseUITestsLaunchTests.swift */; };
/* End PBXBuildFile section */

/* Begin PBXContainerItemProxy section */
		BC7C675229CC12C8005BD199 /* PBXContainerItemProxy */ = {
			isa = PBXContainerItemProxy;
			containerPortal = BC7C673929CC12C6005BD199 /* Project object */;
			proxyType = 1;
			remoteGlobalIDString = BC7C674029CC12C6005BD199;
			remoteInfo = GithubExcercise;
		};
		BC7C675C29CC12C8005BD199 /* PBXContainerItemProxy */ = {
			isa = PBXContainerItemProxy;
			containerPortal = BC7C673929CC12C6005BD199 /* Project object */;
			proxyType = 1;
			remoteGlobalIDString = BC7C674029CC12C6005BD199;
			remoteInfo = GithubExcercise;
		};
/* End PBXContainerItemProxy section */

/* Begin PBXFileReference section */
		BC7C674129CC12C6005BD199 /* GithubExcercise.app */ = {isa = PBXFileReference; explicitFileType = wrapper.application; includeInIndex = 0; path = GithubExcercise.app; sourceTree = BUILT_PRODUCTS_DIR; };
		BC7C674429CC12C6005BD199 /* GithubExcerciseApp.swift */ = {isa = PBXFileReference; lastKnownFileType = sourcecode.swift; path = GithubExcerciseApp.swift; sourceTree = "<group>"; };
		BC7C674629CC12C6005BD199 /* ContentView.swift */ = {isa = PBXFileReference; lastKnownFileType = sourcecode.swift; path = ContentView.swift; sourceTree = "<group>"; };
		BC7C674829CC12C7005BD199 /* Assets.xcassets */ = {isa = PBXFileReference; lastKnownFileType = folder.assetcatalog; path = Assets.xcassets; sourceTree = "<group>"; };
		BC7C674B29CC12C7005BD199 /* Preview Assets.xcassets */ = {isa = PBXFileReference; lastKnownFileType = folder.assetcatalog; path = "Preview Assets.xcassets"; sourceTree = "<group>"; };
		BC7C675129CC12C8005BD199 /* GithubExcerciseTests.xctest */ = {isa = PBXFileReference; explicitFileType = wrapper.cfbundle; includeInIndex = 0; path = GithubExcerciseTests.xctest; sourceTree = BUILT_PRODUCTS_DIR; };
		BC7C675529CC12C8005BD199 /* GithubExcerciseTests.swift */ = {isa = PBXFileReference; lastKnownFileType = sourcecode.swift; path = GithubExcerciseTests.swift; sourceTree = "<group>"; };
		BC7C675B29CC12C8005BD199 /* GithubExcerciseUITests.xctest */ = {isa = PBXFileReference; explicitFileType = wrapper.cfbundle; includeInIndex = 0; path = GithubExcerciseUITests.xctest; sourceTree = BUILT_PRODUCTS_DIR; };
		BC7C675F29CC12C8005BD199 /* GithubExcerciseUITests.swift */ = {isa = PBXFileReference; lastKnownFileType = sourcecode.swift; path = GithubExcerciseUITests.swift; sourceTree = "<group>"; };
		BC7C676129CC12C8005BD199 /* GithubExcerciseUITestsLaunchTests.swift */ = {isa = PBXFileReference; lastKnownFileType = sourcecode.swift; path = GithubExcerciseUITestsLaunchTests.swift; sourceTree = "<group>"; };
/* End PBXFileReference section */

/* Begin PBXFrameworksBuildPhase section */
		BC7C673E29CC12C6005BD199 /* Frameworks */ = {
			isa = PBXFrameworksBuildPhase;
			buildActionMask = 2147483647;
			files = (
			);
			runOnlyForDeploymentPostprocessing = 0;
		};
		BC7C674E29CC12C8005BD199 /* Frameworks */ = {
			isa = PBXFrameworksBuildPhase;
			buildActionMask = 2147483647;
			files = (
			);
			runOnlyForDeploymentPostprocessing = 0;
		};
		BC7C675829CC12C8005BD199 /* Frameworks */ = {
			isa = PBXFrameworksBuildPhase;
			buildActionMask = 2147483647;
			files = (
			);
			runOnlyForDeploymentPostprocessing = 0;
		};
/* End PBXFrameworksBuildPhase section */

/* Begin PBXGroup section */
		BC7C673829CC12C6005BD199 = {
			isa = PBXGroup;
			children = (
				BC7C674329CC12C6005BD199 /* GithubExcercise */,
				BC7C675429CC12C8005BD199 /* GithubExcerciseTests */,
				BC7C675E29CC12C8005BD199 /* GithubExcerciseUITests */,
				BC7C674229CC12C6005BD199 /* Products */,
			);
			sourceTree = "<group>";
		};
		BC7C674229CC12C6005BD199 /* Products */ = {
			isa = PBXGroup;
			children = (
				BC7C674129CC12C6005BD199 /* GithubExcercise.app */,
				BC7C675129CC12C8005BD199 /* GithubExcerciseTests.xctest */,
				BC7C675B29CC12C8005BD199 /* GithubExcerciseUITests.xctest */,
			);
			name = Products;
			sourceTree = "<group>";
		};
		BC7C674329CC12C6005BD199 /* GithubExcercise */ = {
			isa = PBXGroup;
			children = (
				BC7C674429CC12C6005BD199 /* GithubExcerciseApp.swift */,
				BC7C674629CC12C6005BD199 /* ContentView.swift */,
				BC7C674829CC12C7005BD199 /* Assets.xcassets */,
				BC7C674A29CC12C7005BD199 /* Preview Content */,
			);
			path = GithubExcercise;
			sourceTree = "<group>";
		};
		BC7C674A29CC12C7005BD199 /* Preview Content */ = {
			isa = PBXGroup;
			children = (
				BC7C674B29CC12C7005BD199 /* Preview Assets.xcassets */,
			);
			path = "Preview Content";
			sourceTree = "<group>";
		};
		BC7C675429CC12C8005BD199 /* GithubExcerciseTests */ = {
			isa = PBXGroup;
			children = (
				BC7C675529CC12C8005BD199 /* GithubExcerciseTests.swift */,
			);
			path = GithubExcerciseTests;
			sourceTree = "<group>";
		};
		BC7C675E29CC12C8005BD199 /* GithubExcerciseUITests */ = {
			isa = PBXGroup;
			children = (
				BC7C675F29CC12C8005BD199 /* GithubExcerciseUITests.swift */,
				BC7C676129CC12C8005BD199 /* GithubExcerciseUITestsLaunchTests.swift */,
			);
			path = GithubExcerciseUITests;
			sourceTree = "<group>";
		};
/* End PBXGroup section */

/* Begin PBXNativeTarget section */
		BC7C674029CC12C6005BD199 /* GithubExcercise */ = {
			isa = PBXNativeTarget;
			buildConfigurationList = BC7C676529CC12C8005BD199 /* Build configuration list for PBXNativeTarget "GithubExcercise" */;
			buildPhases = (
				BC7C673D29CC12C6005BD199 /* Sources */,
				BC7C673E29CC12C6005BD199 /* Frameworks */,
				BC7C673F29CC12C6005BD199 /* Resources */,
			);
			buildRules = (
			);
			dependencies = (
			);
			name = GithubExcercise;
			productName = GithubExcercise;
			productReference = BC7C674129CC12C6005BD199 /* GithubExcercise.app */;
			productType = "com.apple.product-type.application";
		};
		BC7C675029CC12C8005BD199 /* GithubExcerciseTests */ = {
			isa = PBXNativeTarget;
			buildConfigurationList = BC7C676829CC12C8005BD199 /* Build configuration list for PBXNativeTarget "GithubExcerciseTests" */;
			buildPhases = (
				BC7C674D29CC12C8005BD199 /* Sources */,
				BC7C674E29CC12C8005BD199 /* Frameworks */,
				BC7C674F29CC12C8005BD199 /* Resources */,
			);
			buildRules = (
			);
			dependencies = (
				BC7C675329CC12C8005BD199 /* PBXTargetDependency */,
			);
			name = GithubExcerciseTests;
			productName = GithubExcerciseTests;
			productReference = BC7C675129CC12C8005BD199 /* GithubExcerciseTests.xctest */;
			productType = "com.apple.product-type.bundle.unit-test";
		};
		BC7C675A29CC12C8005BD199 /* GithubExcerciseUITests */ = {
			isa = PBXNativeTarget;
			buildConfigurationList = BC7C676B29CC12C8005BD199 /* Build configuration list for PBXNativeTarget "GithubExcerciseUITests" */;
			buildPhases = (
				BC7C675729CC12C8005BD199 /* Sources */,
				BC7C675829CC12C8005BD199 /* Frameworks */,
				BC7C675929CC12C8005BD199 /* Resources */,
			);
			buildRules = (
			);
			dependencies = (
				BC7C675D29CC12C8005BD199 /* PBXTargetDependency */,
			);
			name = GithubExcerciseUITests;
			productName = GithubExcerciseUITests;
			productReference = BC7C675B29CC12C8005BD199 /* GithubExcerciseUITests.xctest */;
			productType = "com.apple.product-type.bundle.ui-testing";
		};
/* End PBXNativeTarget section */

/* Begin PBXProject section */
		BC7C673929CC12C6005BD199 /* Project object */ = {
			isa = PBXProject;
			attributes = {
				BuildIndependentTargetsInParallel = 1;
				LastSwiftUpdateCheck = 1420;
				LastUpgradeCheck = 1420;
				TargetAttributes = {
					BC7C674029CC12C6005BD199 = {
						CreatedOnToolsVersion = 14.2;
					};
					BC7C675029CC12C8005BD199 = {
						CreatedOnToolsVersion = 14.2;
						TestTargetID = BC7C674029CC12C6005BD199;
					};
					BC7C675A29CC12C8005BD199 = {
						CreatedOnToolsVersion = 14.2;
						TestTargetID = BC7C674029CC12C6005BD199;
					};
				};
			};
			buildConfigurationList = BC7C673C29CC12C6005BD199 /* Build configuration list for PBXProject "GithubExcercise" */;
			compatibilityVersion = "Xcode 14.0";
			developmentRegion = en;
			hasScannedForEncodings = 0;
			knownRegions = (
				en,
				Base,
			);
			mainGroup = BC7C673829CC12C6005BD199;
			productRefGroup = BC7C674229CC12C6005BD199 /* Products */;
			projectDirPath = "";
			projectRoot = "";
			targets = (
				BC7C674029CC12C6005BD199 /* GithubExcercise */,
				BC7C675029CC12C8005BD199 /* GithubExcerciseTests */,
				BC7C675A29CC12C8005BD199 /* GithubExcerciseUITests */,
			);
		};
/* End PBXProject section */

/* Begin PBXResourcesBuildPhase section */
		BC7C673F29CC12C6005BD199 /* Resources */ = {
			isa = PBXResourcesBuildPhase;
			buildActionMask = 2147483647;
			files = (
				BC7C674C29CC12C7005BD199 /* Preview Assets.xcassets in Resources */,
				BC7C674929CC12C7005BD199 /* Assets.xcassets in Resources */,
			);
			runOnlyForDeploymentPostprocessing = 0;
		};
		BC7C674F29CC12C8005BD199 /* Resources */ = {
			isa = PBXResourcesBuildPhase;
			buildActionMask = 2147483647;
			files = (
			);
			runOnlyForDeploymentPostprocessing = 0;
		};
		BC7C675929CC12C8005BD199 /* Resources */ = {
			isa = PBXResourcesBuildPhase;
			buildActionMask = 2147483647;
			files = (
			);
			runOnlyForDeploymentPostprocessing = 0;
		};
/* End PBXResourcesBuildPhase section */

/* Begin PBXSourcesBuildPhase section */
		BC7C673D29CC12C6005BD199 /* Sources */ = {
			isa = PBXSourcesBuildPhase;
			buildActionMask = 2147483647;
			files = (
				BC7C674729CC12C6005BD199 /* ContentView.swift in Sources */,
				BC7C674529CC12C6005BD199 /* GithubExcerciseApp.swift in Sources */,
			);
			runOnlyForDeploymentPostprocessing = 0;
		};
		BC7C674D29CC12C8005BD199 /* Sources */ = {
			isa = PBXSourcesBuildPhase;
			buildActionMask = 2147483647;
			files = (
				BC7C675629CC12C8005BD199 /* GithubExcerciseTests.swift in Sources */,
			);
			runOnlyForDeploymentPostprocessing = 0;
		};
		BC7C675729CC12C8005BD199 /* Sources */ = {
			isa = PBXSourcesBuildPhase;
			buildActionMask = 2147483647;
			files = (
				BC7C676029CC12C8005BD199 /* GithubExcerciseUITests.swift in Sources */,
				BC7C676229CC12C8005BD199 /* GithubExcerciseUITestsLaunchTests.swift in Sources */,
			);
			runOnlyForDeploymentPostprocessing = 0;
		};
/* End PBXSourcesBuildPhase section */

/* Begin PBXTargetDependency section */
		BC7C675329CC12C8005BD199 /* PBXTargetDependency */ = {
			isa = PBXTargetDependency;
			target = BC7C674029CC12C6005BD199 /* GithubExcercise */;
			targetProxy = BC7C675229CC12C8005BD199 /* PBXContainerItemProxy */;
		};
		BC7C675D29CC12C8005BD199 /* PBXTargetDependency */ = {
			isa = PBXTargetDependency;
			target = BC7C674029CC12C6005BD199 /* GithubExcercise */;
			targetProxy = BC7C675C29CC12C8005BD199 /* PBXContainerItemProxy */;
		};
/* End PBXTargetDependency section */

/* Begin XCBuildConfiguration section */
		BC7C676329CC12C8005BD199 /* Debug */ = {
			isa = XCBuildConfiguration;
			buildSettings = {
				ALWAYS_SEARCH_USER_PATHS = NO;
				CLANG_ANALYZER_NONNULL = YES;
				CLANG_ANALYZER_NUMBER_OBJECT_CONVERSION = YES_AGGRESSIVE;
				CLANG_CXX_LANGUAGE_STANDARD = "gnu++20";
				CLANG_ENABLE_MODULES = YES;
				CLANG_ENABLE_OBJC_ARC = YES;
				CLANG_ENABLE_OBJC_WEAK = YES;
				CLANG_WARN_BLOCK_CAPTURE_AUTORELEASING = YES;
				CLANG_WARN_BOOL_CONVERSION = YES;
				CLANG_WARN_COMMA = YES;
				CLANG_WARN_CONSTANT_CONVERSION = YES;
				CLANG_WARN_DEPRECATED_OBJC_IMPLEMENTATIONS = YES;
				CLANG_WARN_DIRECT_OBJC_ISA_USAGE = YES_ERROR;
				CLANG_WARN_DOCUMENTATION_COMMENTS = YES;
				CLANG_WARN_EMPTY_BODY = YES;
				CLANG_WARN_ENUM_CONVERSION = YES;
				CLANG_WARN_INFINITE_RECURSION = YES;
				CLANG_WARN_INT_CONVERSION = YES;
				CLANG_WARN_NON_LITERAL_NULL_CONVERSION = YES;
				CLANG_WARN_OBJC_IMPLICIT_RETAIN_SELF = YES;
				CLANG_WARN_OBJC_LITERAL_CONVERSION = YES;
				CLANG_WARN_OBJC_ROOT_CLASS = YES_ERROR;
				CLANG_WARN_QUOTED_INCLUDE_IN_FRAMEWORK_HEADER = YES;
				CLANG_WARN_RANGE_LOOP_ANALYSIS = YES;
				CLANG_WARN_STRICT_PROTOTYPES = YES;
				CLANG_WARN_SUSPICIOUS_MOVE = YES;
				CLANG_WARN_UNGUARDED_AVAILABILITY = YES_AGGRESSIVE;
				CLANG_WARN_UNREACHABLE_CODE = YES;
				CLANG_WARN__DUPLICATE_METHOD_MATCH = YES;
				COPY_PHASE_STRIP = NO;
				DEBUG_INFORMATION_FORMAT = dwarf;
				ENABLE_STRICT_OBJC_MSGSEND = YES;
				ENABLE_TESTABILITY = YES;
				GCC_C_LANGUAGE_STANDARD = gnu11;
				GCC_DYNAMIC_NO_PIC = NO;
				GCC_NO_COMMON_BLOCKS = YES;
				GCC_OPTIMIZATION_LEVEL = 0;
				GCC_PREPROCESSOR_DEFINITIONS = (
					"DEBUG=1",
					"$(inherited)",
				);
				GCC_WARN_64_TO_32_BIT_CONVERSION = YES;
				GCC_WARN_ABOUT_RETURN_TYPE = YES_ERROR;
				GCC_WARN_UNDECLARED_SELECTOR = YES;
				GCC_WARN_UNINITIALIZED_AUTOS = YES_AGGRESSIVE;
				GCC_WARN_UNUSED_FUNCTION = YES;
				GCC_WARN_UNUSED_VARIABLE = YES;
				IPHONEOS_DEPLOYMENT_TARGET = 16.2;
				MTL_ENABLE_DEBUG_INFO = INCLUDE_SOURCE;
				MTL_FAST_MATH = YES;
				ONLY_ACTIVE_ARCH = YES;
				SDKROOT = iphoneos;
				SWIFT_ACTIVE_COMPILATION_CONDITIONS = DEBUG;
				SWIFT_OPTIMIZATION_LEVEL = "-Onone";
			};
			name = Debug;
		};
		BC7C676429CC12C8005BD199 /* Release */ = {
			isa = XCBuildConfiguration;
			buildSettings = {
				ALWAYS_SEARCH_USER_PATHS = NO;
				CLANG_ANALYZER_NONNULL = YES;
				CLANG_ANALYZER_NUMBER_OBJECT_CONVERSION = YES_AGGRESSIVE;
				CLANG_CXX_LANGUAGE_STANDARD = "gnu++20";
				CLANG_ENABLE_MODULES = YES;
				CLANG_ENABLE_OBJC_ARC = YES;
				CLANG_ENABLE_OBJC_WEAK = YES;
				CLANG_WARN_BLOCK_CAPTURE_AUTORELEASING = YES;
				CLANG_WARN_BOOL_CONVERSION = YES;
				CLANG_WARN_COMMA = YES;
				CLANG_WARN_CONSTANT_CONVERSION = YES;
				CLANG_WARN_DEPRECATED_OBJC_IMPLEMENTATIONS = YES;
				CLANG_WARN_DIRECT_OBJC_ISA_USAGE = YES_ERROR;
				CLANG_WARN_DOCUMENTATION_COMMENTS = YES;
				CLANG_WARN_EMPTY_BODY = YES;
				CLANG_WARN_ENUM_CONVERSION = YES;
				CLANG_WARN_INFINITE_RECURSION = YES;
				CLANG_WARN_INT_CONVERSION = YES;
				CLANG_WARN_NON_LITERAL_NULL_CONVERSION = YES;
				CLANG_WARN_OBJC_IMPLICIT_RETAIN_SELF = YES;
				CLANG_WARN_OBJC_LITERAL_CONVERSION = YES;
				CLANG_WARN_OBJC_ROOT_CLASS = YES_ERROR;
				CLANG_WARN_QUOTED_INCLUDE_IN_FRAMEWORK_HEADER = YES;
				CLANG_WARN_RANGE_LOOP_ANALYSIS = YES;
				CLANG_WARN_STRICT_PROTOTYPES = YES;
				CLANG_WARN_SUSPICIOUS_MOVE = YES;
				CLANG_WARN_UNGUARDED_AVAILABILITY = YES_AGGRESSIVE;
				CLANG_WARN_UNREACHABLE_CODE = YES;
				CLANG_WARN__DUPLICATE_METHOD_MATCH = YES;
				COPY_PHASE_STRIP = NO;
				DEBUG_INFORMATION_FORMAT = "dwarf-with-dsym";
				ENABLE_NS_ASSERTIONS = NO;
				ENABLE_STRICT_OBJC_MSGSEND = YES;
				GCC_C_LANGUAGE_STANDARD = gnu11;
				GCC_NO_COMMON_BLOCKS = YES;
				GCC_WARN_64_TO_32_BIT_CONVERSION = YES;
				GCC_WARN_ABOUT_RETURN_TYPE = YES_ERROR;
				GCC_WARN_UNDECLARED_SELECTOR = YES;
				GCC_WARN_UNINITIALIZED_AUTOS = YES_AGGRESSIVE;
				GCC_WARN_UNUSED_FUNCTION = YES;
				GCC_WARN_UNUSED_VARIABLE = YES;
				IPHONEOS_DEPLOYMENT_TARGET = 16.2;
				MTL_ENABLE_DEBUG_INFO = NO;
				MTL_FAST_MATH = YES;
				SDKROOT = iphoneos;
				SWIFT_COMPILATION_MODE = wholemodule;
				SWIFT_OPTIMIZATION_LEVEL = "-O";
				VALIDATE_PRODUCT = YES;
			};
			name = Release;
		};
		BC7C676629CC12C8005BD199 /* Debug */ = {
			isa = XCBuildConfiguration;
			buildSettings = {
				ASSETCATALOG_COMPILER_APPICON_NAME = AppIcon;
				ASSETCATALOG_COMPILER_GLOBAL_ACCENT_COLOR_NAME = AccentColor;
				CODE_SIGN_STYLE = Automatic;
				CURRENT_PROJECT_VERSION = 1;
				DEVELOPMENT_ASSET_PATHS = "\"GithubExcercise/Preview Content\"";
				DEVELOPMENT_TEAM = LKKW35W22N;
				ENABLE_PREVIEWS = YES;
				GENERATE_INFOPLIST_FILE = YES;
				INFOPLIST_KEY_UIApplicationSceneManifest_Generation = YES;
				INFOPLIST_KEY_UIApplicationSupportsIndirectInputEvents = YES;
				INFOPLIST_KEY_UILaunchScreen_Generation = YES;
				INFOPLIST_KEY_UISupportedInterfaceOrientations_iPad = "UIInterfaceOrientationPortrait UIInterfaceOrientationPortraitUpsideDown UIInterfaceOrientationLandscapeLeft UIInterfaceOrientationLandscapeRight";
				INFOPLIST_KEY_UISupportedInterfaceOrientations_iPhone = "UIInterfaceOrientationPortrait UIInterfaceOrientationLandscapeLeft UIInterfaceOrientationLandscapeRight";
				LD_RUNPATH_SEARCH_PATHS = (
					"$(inherited)",
					"@executable_path/Frameworks",
				);
				MARKETING_VERSION = 1.0;
				PRODUCT_BUNDLE_IDENTIFIER = "com.nate-vickers.GithubExcercise";
				PRODUCT_NAME = "$(TARGET_NAME)";
				SWIFT_EMIT_LOC_STRINGS = YES;
				SWIFT_VERSION = 5.0;
				TARGETED_DEVICE_FAMILY = "1,2";
			};
			name = Debug;
		};
		BC7C676729CC12C8005BD199 /* Release */ = {
			isa = XCBuildConfiguration;
			buildSettings = {
				ASSETCATALOG_COMPILER_APPICON_NAME = AppIcon;
				ASSETCATALOG_COMPILER_GLOBAL_ACCENT_COLOR_NAME = AccentColor;
				CODE_SIGN_STYLE = Automatic;
				CURRENT_PROJECT_VERSION = 1;
				DEVELOPMENT_ASSET_PATHS = "\"GithubExcercise/Preview Content\"";
				DEVELOPMENT_TEAM = LKKW35W22N;
				ENABLE_PREVIEWS = YES;
				GENERATE_INFOPLIST_FILE = YES;
				INFOPLIST_KEY_UIApplicationSceneManifest_Generation = YES;
				INFOPLIST_KEY_UIApplicationSupportsIndirectInputEvents = YES;
				INFOPLIST_KEY_UILaunchScreen_Generation = YES;
				INFOPLIST_KEY_UISupportedInterfaceOrientations_iPad = "UIInterfaceOrientationPortrait UIInterfaceOrientationPortraitUpsideDown UIInterfaceOrientationLandscapeLeft UIInterfaceOrientationLandscapeRight";
				INFOPLIST_KEY_UISupportedInterfaceOrientations_iPhone = "UIInterfaceOrientationPortrait UIInterfaceOrientationLandscapeLeft UIInterfaceOrientationLandscapeRight";
				LD_RUNPATH_SEARCH_PATHS = (
					"$(inherited)",
					"@executable_path/Frameworks",
				);
				MARKETING_VERSION = 1.0;
				PRODUCT_BUNDLE_IDENTIFIER = "com.nate-vickers.GithubExcercise";
				PRODUCT_NAME = "$(TARGET_NAME)";
				SWIFT_EMIT_LOC_STRINGS = YES;
				SWIFT_VERSION = 5.0;
				TARGETED_DEVICE_FAMILY = "1,2";
			};
			name = Release;
		};
		BC7C676929CC12C8005BD199 /* Debug */ = {
			isa = XCBuildConfiguration;
			buildSettings = {
				ALWAYS_EMBED_SWIFT_STANDARD_LIBRARIES = YES;
				BUNDLE_LOADER = "$(TEST_HOST)";
				CODE_SIGN_STYLE = Automatic;
				CURRENT_PROJECT_VERSION = 1;
				DEVELOPMENT_TEAM = LKKW35W22N;
				GENERATE_INFOPLIST_FILE = YES;
				IPHONEOS_DEPLOYMENT_TARGET = 16.2;
				MARKETING_VERSION = 1.0;
				PRODUCT_BUNDLE_IDENTIFIER = "com.nate-vickers.GithubExcerciseTests";
				PRODUCT_NAME = "$(TARGET_NAME)";
				SWIFT_EMIT_LOC_STRINGS = NO;
				SWIFT_VERSION = 5.0;
				TARGETED_DEVICE_FAMILY = "1,2";
				TEST_HOST = "$(BUILT_PRODUCTS_DIR)/GithubExcercise.app/$(BUNDLE_EXECUTABLE_FOLDER_PATH)/GithubExcercise";
			};
			name = Debug;
		};
		BC7C676A29CC12C8005BD199 /* Release */ = {
			isa = XCBuildConfiguration;
			buildSettings = {
				ALWAYS_EMBED_SWIFT_STANDARD_LIBRARIES = YES;
				BUNDLE_LOADER = "$(TEST_HOST)";
				CODE_SIGN_STYLE = Automatic;
				CURRENT_PROJECT_VERSION = 1;
				DEVELOPMENT_TEAM = LKKW35W22N;
				GENERATE_INFOPLIST_FILE = YES;
				IPHONEOS_DEPLOYMENT_TARGET = 16.2;
				MARKETING_VERSION = 1.0;
				PRODUCT_BUNDLE_IDENTIFIER = "com.nate-vickers.GithubExcerciseTests";
				PRODUCT_NAME = "$(TARGET_NAME)";
				SWIFT_EMIT_LOC_STRINGS = NO;
				SWIFT_VERSION = 5.0;
				TARGETED_DEVICE_FAMILY = "1,2";
				TEST_HOST = "$(BUILT_PRODUCTS_DIR)/GithubExcercise.app/$(BUNDLE_EXECUTABLE_FOLDER_PATH)/GithubExcercise";
			};
			name = Release;
		};
		BC7C676C29CC12C8005BD199 /* Debug */ = {
			isa = XCBuildConfiguration;
			buildSettings = {
				ALWAYS_EMBED_SWIFT_STANDARD_LIBRARIES = YES;
				CODE_SIGN_STYLE = Automatic;
				CURRENT_PROJECT_VERSION = 1;
				DEVELOPMENT_TEAM = LKKW35W22N;
				GENERATE_INFOPLIST_FILE = YES;
				MARKETING_VERSION = 1.0;
				PRODUCT_BUNDLE_IDENTIFIER = "com.nate-vickers.GithubExcerciseUITests";
				PRODUCT_NAME = "$(TARGET_NAME)";
				SWIFT_EMIT_LOC_STRINGS = NO;
				SWIFT_VERSION = 5.0;
				TARGETED_DEVICE_FAMILY = "1,2";
				TEST_TARGET_NAME = GithubExcercise;
			};
			name = Debug;
		};
		BC7C676D29CC12C8005BD199 /* Release */ = {
			isa = XCBuildConfiguration;
			buildSettings = {
				ALWAYS_EMBED_SWIFT_STANDARD_LIBRARIES = YES;
				CODE_SIGN_STYLE = Automatic;
				CURRENT_PROJECT_VERSION = 1;
				DEVELOPMENT_TEAM = LKKW35W22N;
				GENERATE_INFOPLIST_FILE = YES;
				MARKETING_VERSION = 1.0;
				PRODUCT_BUNDLE_IDENTIFIER = "com.nate-vickers.GithubExcerciseUITests";
				PRODUCT_NAME = "$(TARGET_NAME)";
				SWIFT_EMIT_LOC_STRINGS = NO;
				SWIFT_VERSION = 5.0;
				TARGETED_DEVICE_FAMILY = "1,2";
				TEST_TARGET_NAME = GithubExcercise;
			};
			name = Release;
		};
/* End XCBuildConfiguration section */

/* Begin XCConfigurationList section */
		BC7C673C29CC12C6005BD199 /* Build configuration list for PBXProject "GithubExcercise" */ = {
			isa = XCConfigurationList;
			buildConfigurations = (
				BC7C676329CC12C8005BD199 /* Debug */,
				BC7C676429CC12C8005BD199 /* Release */,
			);
			defaultConfigurationIsVisible = 0;
			defaultConfigurationName = Release;
		};
		BC7C676529CC12C8005BD199 /* Build configuration list for PBXNativeTarget "GithubExcercise" */ = {
			isa = XCConfigurationList;
			buildConfigurations = (
				BC7C676629CC12C8005BD199 /* Debug */,
				BC7C676729CC12C8005BD199 /* Release */,
			);
			defaultConfigurationIsVisible = 0;
			defaultConfigurationName = Release;
		};
		BC7C676829CC12C8005BD199 /* Build configuration list for PBXNativeTarget "GithubExcerciseTests" */ = {
			isa = XCConfigurationList;
			buildConfigurations = (
				BC7C676929CC12C8005BD199 /* Debug */,
				BC7C676A29CC12C8005BD199 /* Release */,
			);
			defaultConfigurationIsVisible = 0;
			defaultConfigurationName = Release;
		};
		BC7C676B29CC12C8005BD199 /* Build configuration list for PBXNativeTarget "GithubExcerciseUITests" */ = {
			isa = XCConfigurationList;
			buildConfigurations = (
				BC7C676C29CC12C8005BD199 /* Debug */,
				BC7C676D29CC12C8005BD199 /* Release */,
			);
			defaultConfigurationIsVisible = 0;
			defaultConfigurationName = Release;
		};
/* End XCConfigurationList section */
	};
	rootObject = BC7C673929CC12C6005BD199 /* Project object */;
}
